// !$*UTF8*$!
{
	archiveVersion = 1;
	classes = {
	};
	objectVersion = 51;
	objects = {

/* Begin PBXBuildFile section */
		225FD0C722F28B80003B79E1 /* AppDelegate.m in Sources */ = {isa = PBXBuildFile; fileRef = 225FD0C622F28B80003B79E1 /* AppDelegate.m */; };
		225FD0CA22F28B80003B79E1 /* ViewController.m in Sources */ = {isa = PBXBuildFile; fileRef = 225FD0C922F28B80003B79E1 /* ViewController.m */; };
		225FD0CD22F28B80003B79E1 /* Main.storyboard in Resources */ = {isa = PBXBuildFile; fileRef = 225FD0CB22F28B80003B79E1 /* Main.storyboard */; };
		225FD0CF22F28B81003B79E1 /* Assets.xcassets in Resources */ = {isa = PBXBuildFile; fileRef = 225FD0CE22F28B81003B79E1 /* Assets.xcassets */; };
		225FD0D222F28B81003B79E1 /* LaunchScreen.storyboard in Resources */ = {isa = PBXBuildFile; fileRef = 225FD0D022F28B81003B79E1 /* LaunchScreen.storyboard */; };
		225FD0D522F28B81003B79E1 /* main.m in Sources */ = {isa = PBXBuildFile; fileRef = 225FD0D422F28B81003B79E1 /* main.m */; };
		225FD0E122F28BC2003B79E1 /* YLShortBarView.m in Sources */ = {isa = PBXBuildFile; fileRef = 225FD0E022F28BC2003B79E1 /* YLShortBarView.m */; };
		225FD0E422F28CD3003B79E1 /* YLShortHeap.m in Sources */ = {isa = PBXBuildFile; fileRef = 225FD0E322F28CD3003B79E1 /* YLShortHeap.m */; };
		225FD0E722F28D56003B79E1 /* NSMutableArray+YLShort.m in Sources */ = {isa = PBXBuildFile; fileRef = 225FD0E622F28D56003B79E1 /* NSMutableArray+YLShort.m */; };
		225FD0EA22F2B223003B79E1 /* NSMutableArray+YLShortManager.m in Sources */ = {isa = PBXBuildFile; fileRef = 225FD0E922F2B223003B79E1 /* NSMutableArray+YLShortManager.m */; };
		441ECECC30F86459A4125802 /* Pods_YLSortManager.framework in Frameworks */ = {isa = PBXBuildFile; fileRef = B760218C8B291C4EE42423A8 /* Pods_YLSortManager.framework */; };
/* End PBXBuildFile section */

/* Begin PBXFileReference section */
		225FD0C222F28B80003B79E1 /* YLSortManager.app */ = {isa = PBXFileReference; explicitFileType = wrapper.application; includeInIndex = 0; path = YLSortManager.app; sourceTree = BUILT_PRODUCTS_DIR; };
		225FD0C522F28B80003B79E1 /* AppDelegate.h */ = {isa = PBXFileReference; lastKnownFileType = sourcecode.c.h; path = AppDelegate.h; sourceTree = "<group>"; };
		225FD0C622F28B80003B79E1 /* AppDelegate.m */ = {isa = PBXFileReference; lastKnownFileType = sourcecode.c.objc; path = AppDelegate.m; sourceTree = "<group>"; };
		225FD0C822F28B80003B79E1 /* ViewController.h */ = {isa = PBXFileReference; lastKnownFileType = sourcecode.c.h; path = ViewController.h; sourceTree = "<group>"; };
		225FD0C922F28B80003B79E1 /* ViewController.m */ = {isa = PBXFileReference; lastKnownFileType = sourcecode.c.objc; path = ViewController.m; sourceTree = "<group>"; };
		225FD0CC22F28B80003B79E1 /* Base */ = {isa = PBXFileReference; lastKnownFileType = file.storyboard; name = Base; path = Base.lproj/Main.storyboard; sourceTree = "<group>"; };
		225FD0CE22F28B81003B79E1 /* Assets.xcassets */ = {isa = PBXFileReference; lastKnownFileType = folder.assetcatalog; path = Assets.xcassets; sourceTree = "<group>"; };
		225FD0D122F28B81003B79E1 /* Base */ = {isa = PBXFileReference; lastKnownFileType = file.storyboard; name = Base; path = Base.lproj/LaunchScreen.storyboard; sourceTree = "<group>"; };
		225FD0D322F28B81003B79E1 /* Info.plist */ = {isa = PBXFileReference; lastKnownFileType = text.plist.xml; path = Info.plist; sourceTree = "<group>"; };
		225FD0D422F28B81003B79E1 /* main.m */ = {isa = PBXFileReference; lastKnownFileType = sourcecode.c.objc; path = main.m; sourceTree = "<group>"; };
		225FD0DF22F28BC2003B79E1 /* YLShortBarView.h */ = {isa = PBXFileReference; lastKnownFileType = sourcecode.c.h; path = YLShortBarView.h; sourceTree = "<group>"; };
		225FD0E022F28BC2003B79E1 /* YLShortBarView.m */ = {isa = PBXFileReference; lastKnownFileType = sourcecode.c.objc; path = YLShortBarView.m; sourceTree = "<group>"; };
		225FD0E222F28CD3003B79E1 /* YLShortHeap.h */ = {isa = PBXFileReference; lastKnownFileType = sourcecode.c.h; path = YLShortHeap.h; sourceTree = "<group>"; };
		225FD0E322F28CD3003B79E1 /* YLShortHeap.m */ = {isa = PBXFileReference; lastKnownFileType = sourcecode.c.objc; path = YLShortHeap.m; sourceTree = "<group>"; };
		225FD0E522F28D56003B79E1 /* NSMutableArray+YLShort.h */ = {isa = PBXFileReference; lastKnownFileType = sourcecode.c.h; path = "NSMutableArray+YLShort.h"; sourceTree = "<group>"; };
		225FD0E622F28D56003B79E1 /* NSMutableArray+YLShort.m */ = {isa = PBXFileReference; lastKnownFileType = sourcecode.c.objc; path = "NSMutableArray+YLShort.m"; sourceTree = "<group>"; };
		225FD0E822F2B223003B79E1 /* NSMutableArray+YLShortManager.h */ = {isa = PBXFileReference; lastKnownFileType = sourcecode.c.h; path = "NSMutableArray+YLShortManager.h"; sourceTree = "<group>"; };
		225FD0E922F2B223003B79E1 /* NSMutableArray+YLShortManager.m */ = {isa = PBXFileReference; lastKnownFileType = sourcecode.c.objc; path = "NSMutableArray+YLShortManager.m"; sourceTree = "<group>"; };
		A2203B8FEAB17958C1BCE66A /* Pods-YLSortManager.release.xcconfig */ = {isa = PBXFileReference; includeInIndex = 1; lastKnownFileType = text.xcconfig; name = "Pods-YLSortManager.release.xcconfig"; path = "Target Support Files/Pods-YLSortManager/Pods-YLSortManager.release.xcconfig"; sourceTree = "<group>"; };
		B760218C8B291C4EE42423A8 /* Pods_YLSortManager.framework */ = {isa = PBXFileReference; explicitFileType = wrapper.framework; includeInIndex = 0; path = Pods_YLSortManager.framework; sourceTree = BUILT_PRODUCTS_DIR; };
		C6DC3CB79CB6C57FBEB793CB /* Pods-YLSortManager.debug.xcconfig */ = {isa = PBXFileReference; includeInIndex = 1; lastKnownFileType = text.xcconfig; name = "Pods-YLSortManager.debug.xcconfig"; path = "Target Support Files/Pods-YLSortManager/Pods-YLSortManager.debug.xcconfig"; sourceTree = "<group>"; };
/* End PBXFileReference section */

/* Begin PBXFrameworksBuildPhase section */
		225FD0BF22F28B80003B79E1 /* Frameworks */ = {
			isa = PBXFrameworksBuildPhase;
			buildActionMask = 2147483647;
			files = (
				441ECECC30F86459A4125802 /* Pods_YLSortManager.framework in Frameworks */,
			);
			runOnlyForDeploymentPostprocessing = 0;
		};
/* End PBXFrameworksBuildPhase section */

/* Begin PBXGroup section */
		225FD0B922F28B80003B79E1 = {
			isa = PBXGroup;
			children = (
				225FD0C422F28B80003B79E1 /* YLSortManager */,
				225FD0C322F28B80003B79E1 /* Products */,
				E3D2C3E9998C777A71753E43 /* Pods */,
				EC341058DF3EA7B6C5D683F6 /* Frameworks */,
			);
			sourceTree = "<group>";
		};
		225FD0C322F28B80003B79E1 /* Products */ = {
			isa = PBXGroup;
			children = (
				225FD0C222F28B80003B79E1 /* YLSortManager.app */,
			);
			name = Products;
			sourceTree = "<group>";
		};
		225FD0C422F28B80003B79E1 /* YLSortManager */ = {
			isa = PBXGroup;
			children = (
				225FD0C522F28B80003B79E1 /* AppDelegate.h */,
				225FD0C622F28B80003B79E1 /* AppDelegate.m */,
				225FD0C822F28B80003B79E1 /* ViewController.h */,
				225FD0C922F28B80003B79E1 /* ViewController.m */,
				225FD0DB22F28B9B003B79E1 /* Models */,
				225FD0DD22F28B9B003B79E1 /* ViewControllers */,
				225FD0DE22F28B9B003B79E1 /* ViewModels */,
				225FD0DC22F28B9B003B79E1 /* Views */,
				225FD0CB22F28B80003B79E1 /* Main.storyboard */,
				225FD0CE22F28B81003B79E1 /* Assets.xcassets */,
				225FD0D022F28B81003B79E1 /* LaunchScreen.storyboard */,
				225FD0D322F28B81003B79E1 /* Info.plist */,
				225FD0D422F28B81003B79E1 /* main.m */,
			);
			path = YLSortManager;
			sourceTree = "<group>";
		};
		225FD0DB22F28B9B003B79E1 /* Models */ = {
			isa = PBXGroup;
			children = (
				225FD0E222F28CD3003B79E1 /* YLShortHeap.h */,
				225FD0E322F28CD3003B79E1 /* YLShortHeap.m */,
				225FD0E522F28D56003B79E1 /* NSMutableArray+YLShort.h */,
				225FD0E622F28D56003B79E1 /* NSMutableArray+YLShort.m */,
				225FD0E822F2B223003B79E1 /* NSMutableArray+YLShortManager.h */,
				225FD0E922F2B223003B79E1 /* NSMutableArray+YLShortManager.m */,
			);
			path = Models;
			sourceTree = "<group>";
		};
		225FD0DC22F28B9B003B79E1 /* Views */ = {
			isa = PBXGroup;
			children = (
				225FD0DF22F28BC2003B79E1 /* YLShortBarView.h */,
				225FD0E022F28BC2003B79E1 /* YLShortBarView.m */,
			);
			path = Views;
			sourceTree = "<group>";
		};
		225FD0DD22F28B9B003B79E1 /* ViewControllers */ = {
			isa = PBXGroup;
			children = (
			);
			path = ViewControllers;
			sourceTree = "<group>";
		};
		225FD0DE22F28B9B003B79E1 /* ViewModels */ = {
			isa = PBXGroup;
			children = (
			);
			path = ViewModels;
			sourceTree = "<group>";
		};
		E3D2C3E9998C777A71753E43 /* Pods */ = {
			isa = PBXGroup;
			children = (
				C6DC3CB79CB6C57FBEB793CB /* Pods-YLSortManager.debug.xcconfig */,
				A2203B8FEAB17958C1BCE66A /* Pods-YLSortManager.release.xcconfig */,
			);
			path = Pods;
			sourceTree = "<group>";
		};
		EC341058DF3EA7B6C5D683F6 /* Frameworks */ = {
			isa = PBXGroup;
			children = (
				B760218C8B291C4EE42423A8 /* Pods_YLSortManager.framework */,
			);
			name = Frameworks;
			sourceTree = "<group>";
		};
/* End PBXGroup section */

/* Begin PBXNativeTarget section */
		225FD0C122F28B80003B79E1 /* YLSortManager */ = {
			isa = PBXNativeTarget;
			buildConfigurationList = 225FD0D822F28B81003B79E1 /* Build configuration list for PBXNativeTarget "YLSortManager" */;
			buildPhases = (
				DB49BC50A0F3A4945861B131 /* [CP] Check Pods Manifest.lock */,
				225FD0BE22F28B80003B79E1 /* Sources */,
				225FD0BF22F28B80003B79E1 /* Frameworks */,
				225FD0C022F28B80003B79E1 /* Resources */,
				4E409F5E8FE20D2A47E3306B /* [CP] Embed Pods Frameworks */,
			);
			buildRules = (
			);
			dependencies = (
			);
			name = YLSortManager;
			productName = YLSortManager;
			productReference = 225FD0C222F28B80003B79E1 /* YLSortManager.app */;
			productType = "com.apple.product-type.application";
		};
/* End PBXNativeTarget section */

/* Begin PBXProject section */
		225FD0BA22F28B80003B79E1 /* Project object */ = {
			isa = PBXProject;
			attributes = {
				LastUpgradeCheck = 1030;
				ORGANIZATIONNAME = xyanl;
				TargetAttributes = {
					225FD0C122F28B80003B79E1 = {
						CreatedOnToolsVersion = 10.3;
					};
				};
			};
			buildConfigurationList = 225FD0BD22F28B80003B79E1 /* Build configuration list for PBXProject "YLSortManager" */;
			compatibilityVersion = "Xcode 9.3";
			developmentRegion = en;
			hasScannedForEncodings = 0;
			knownRegions = (
				en,
				Base,
			);
			mainGroup = 225FD0B922F28B80003B79E1;
			productRefGroup = 225FD0C322F28B80003B79E1 /* Products */;
			projectDirPath = "";
			projectRoot = "";
			targets = (
				225FD0C122F28B80003B79E1 /* YLSortManager */,
			);
		};
/* End PBXProject section */

/* Begin PBXResourcesBuildPhase section */
		225FD0C022F28B80003B79E1 /* Resources */ = {
			isa = PBXResourcesBuildPhase;
			buildActionMask = 2147483647;
			files = (
				225FD0D222F28B81003B79E1 /* LaunchScreen.storyboard in Resources */,
				225FD0CF22F28B81003B79E1 /* Assets.xcassets in Resources */,
				225FD0CD22F28B80003B79E1 /* Main.storyboard in Resources */,
			);
			runOnlyForDeploymentPostprocessing = 0;
		};
/* End PBXResourcesBuildPhase section */

/* Begin PBXShellScriptBuildPhase section */
		4E409F5E8FE20D2A47E3306B /* [CP] Embed Pods Frameworks */ = {
			isa = PBXShellScriptBuildPhase;
			buildActionMask = 2147483647;
			files = (
			);
			inputFileListPaths = (
				"${PODS_ROOT}/Target Support Files/Pods-YLSortManager/Pods-YLSortManager-frameworks-${CONFIGURATION}-input-files.xcfilelist",
			);
			name = "[CP] Embed Pods Frameworks";
			outputFileListPaths = (
				"${PODS_ROOT}/Target Support Files/Pods-YLSortManager/Pods-YLSortManager-frameworks-${CONFIGURATION}-output-files.xcfilelist",
			);
			runOnlyForDeploymentPostprocessing = 0;
			shellPath = /bin/sh;
			shellScript = "\"${PODS_ROOT}/Target Support Files/Pods-YLSortManager/Pods-YLSortManager-frameworks.sh\"\n";
			showEnvVarsInLog = 0;
		};
		DB49BC50A0F3A4945861B131 /* [CP] Check Pods Manifest.lock */ = {
			isa = PBXShellScriptBuildPhase;
			buildActionMask = 2147483647;
			files = (
			);
			inputFileListPaths = (
			);
			inputPaths = (
				"${PODS_PODFILE_DIR_PATH}/Podfile.lock",
				"${PODS_ROOT}/Manifest.lock",
			);
			name = "[CP] Check Pods Manifest.lock";
			outputFileListPaths = (
			);
			outputPaths = (
				"$(DERIVED_FILE_DIR)/Pods-YLSortManager-checkManifestLockResult.txt",
			);
			runOnlyForDeploymentPostprocessing = 0;
			shellPath = /bin/sh;
			shellScript = "diff \"${PODS_PODFILE_DIR_PATH}/Podfile.lock\" \"${PODS_ROOT}/Manifest.lock\" > /dev/null\nif [ $? != 0 ] ; then\n    # print error to STDERR\n    echo \"error: The sandbox is not in sync with the Podfile.lock. Run 'pod install' or update your CocoaPods installation.\" >&2\n    exit 1\nfi\n# This output is used by Xcode 'outputs' to avoid re-running this script phase.\necho \"SUCCESS\" > \"${SCRIPT_OUTPUT_FILE_0}\"\n";
			showEnvVarsInLog = 0;
		};
/* End PBXShellScriptBuildPhase section */

/* Begin PBXSourcesBuildPhase section */
		225FD0BE22F28B80003B79E1 /* Sources */ = {
			isa = PBXSourcesBuildPhase;
			buildActionMask = 2147483647;
			files = (
				225FD0E422F28CD3003B79E1 /* YLShortHeap.m in Sources */,
				225FD0E122F28BC2003B79E1 /* YLShortBarView.m in Sources */,
				225FD0CA22F28B80003B79E1 /* ViewController.m in Sources */,
				225FD0D522F28B81003B79E1 /* main.m in Sources */,
				225FD0EA22F2B223003B79E1 /* NSMutableArray+YLShortManager.m in Sources */,
				225FD0C722F28B80003B79E1 /* AppDelegate.m in Sources */,
				225FD0E722F28D56003B79E1 /* NSMutableArray+YLShort.m in Sources */,
			);
			runOnlyForDeploymentPostprocessing = 0;
		};
/* End PBXSourcesBuildPhase section */

/* Begin PBXVariantGroup section */
		225FD0CB22F28B80003B79E1 /* Main.storyboard */ = {
			isa = PBXVariantGroup;
			children = (
				225FD0CC22F28B80003B79E1 /* Base */,
			);
			name = Main.storyboard;
			sourceTree = "<group>";
		};
		225FD0D022F28B81003B79E1 /* LaunchScreen.storyboard */ = {
			isa = PBXVariantGroup;
			children = (
				225FD0D122F28B81003B79E1 /* Base */,
			);
			name = LaunchScreen.storyboard;
			sourceTree = "<group>";
		};
/* End PBXVariantGroup section */

/* Begin XCBuildConfiguration section */
		225FD0D622F28B81003B79E1 /* Debug */ = {
			isa = XCBuildConfiguration;
			buildSettings = {
				ALWAYS_SEARCH_USER_PATHS = NO;
				CLANG_ANALYZER_NONNULL = YES;
				CLANG_ANALYZER_NUMBER_OBJECT_CONVERSION = YES_AGGRESSIVE;
				CLANG_CXX_LANGUAGE_STANDARD = "gnu++14";
				CLANG_CXX_LIBRARY = "libc++";
				CLANG_ENABLE_MODULES = YES;
				CLANG_ENABLE_OBJC_ARC = YES;
				CLANG_ENABLE_OBJC_WEAK = YES;
				CLANG_WARN_BLOCK_CAPTURE_AUTORELEASING = YES;
				CLANG_WARN_BOOL_CONVERSION = YES;
				CLANG_WARN_COMMA = YES;
				CLANG_WARN_CONSTANT_CONVERSION = YES;
				CLANG_WARN_DEPRECATED_OBJC_IMPLEMENTATIONS = YES;
				CLANG_WARN_DIRECT_OBJC_ISA_USAGE = YES_ERROR;
				CLANG_WARN_DOCUMENTATION_COMMENTS = YES;
				CLANG_WARN_EMPTY_BODY = YES;
				CLANG_WARN_ENUM_CONVERSION = YES;
				CLANG_WARN_INFINITE_RECURSION = YES;
				CLANG_WARN_INT_CONVERSION = YES;
				CLANG_WARN_NON_LITERAL_NULL_CONVERSION = YES;
				CLANG_WARN_OBJC_IMPLICIT_RETAIN_SELF = YES;
				CLANG_WARN_OBJC_LITERAL_CONVERSION = YES;
				CLANG_WARN_OBJC_ROOT_CLASS = YES_ERROR;
				CLANG_WARN_RANGE_LOOP_ANALYSIS = YES;
				CLANG_WARN_STRICT_PROTOTYPES = YES;
				CLANG_WARN_SUSPICIOUS_MOVE = YES;
				CLANG_WARN_UNGUARDED_AVAILABILITY = YES_AGGRESSIVE;
				CLANG_WARN_UNREACHABLE_CODE = YES;
				CLANG_WARN__DUPLICATE_METHOD_MATCH = YES;
				CODE_SIGN_IDENTITY = "iPhone Developer";
				COPY_PHASE_STRIP = NO;
				DEBUG_INFORMATION_FORMAT = dwarf;
				ENABLE_STRICT_OBJC_MSGSEND = YES;
				ENABLE_TESTABILITY = YES;
				GCC_C_LANGUAGE_STANDARD = gnu11;
				GCC_DYNAMIC_NO_PIC = NO;
				GCC_NO_COMMON_BLOCKS = YES;
				GCC_OPTIMIZATION_LEVEL = 0;
				GCC_PREPROCESSOR_DEFINITIONS = (
					"DEBUG=1",
					"$(inherited)",
				);
				GCC_WARN_64_TO_32_BIT_CONVERSION = YES;
				GCC_WARN_ABOUT_RETURN_TYPE = YES_ERROR;
				GCC_WARN_UNDECLARED_SELECTOR = YES;
				GCC_WARN_UNINITIALIZED_AUTOS = YES_AGGRESSIVE;
				GCC_WARN_UNUSED_FUNCTION = YES;
				GCC_WARN_UNUSED_VARIABLE = YES;
				IPHONEOS_DEPLOYMENT_TARGET = 12.4;
				MTL_ENABLE_DEBUG_INFO = INCLUDE_SOURCE;
				MTL_FAST_MATH = YES;
				ONLY_ACTIVE_ARCH = YES;
				SDKROOT = iphoneos;
			};
			name = Debug;
		};
		225FD0D722F28B81003B79E1 /* Release */ = {
			isa = XCBuildConfiguration;
			buildSettings = {
				ALWAYS_SEARCH_USER_PATHS = NO;
				CLANG_ANALYZER_NONNULL = YES;
				CLANG_ANALYZER_NUMBER_OBJECT_CONVERSION = YES_AGGRESSIVE;
				CLANG_CXX_LANGUAGE_STANDARD = "gnu++14";
				CLANG_CXX_LIBRARY = "libc++";
				CLANG_ENABLE_MODULES = YES;
				CLANG_ENABLE_OBJC_ARC = YES;
				CLANG_ENABLE_OBJC_WEAK = YES;
				CLANG_WARN_BLOCK_CAPTURE_AUTORELEASING = YES;
				CLANG_WARN_BOOL_CONVERSION = YES;
				CLANG_WARN_COMMA = YES;
				CLANG_WARN_CONSTANT_CONVERSION = YES;
				CLANG_WARN_DEPRECATED_OBJC_IMPLEMENTATIONS = YES;
				CLANG_WARN_DIRECT_OBJC_ISA_USAGE = YES_ERROR;
				CLANG_WARN_DOCUMENTATION_COMMENTS = YES;
				CLANG_WARN_EMPTY_BODY = YES;
				CLANG_WARN_ENUM_CONVERSION = YES;
				CLANG_WARN_INFINITE_RECURSION = YES;
				CLANG_WARN_INT_CONVERSION = YES;
				CLANG_WARN_NON_LITERAL_NULL_CONVERSION = YES;
				CLANG_WARN_OBJC_IMPLICIT_RETAIN_SELF = YES;
				CLANG_WARN_OBJC_LITERAL_CONVERSION = YES;
				CLANG_WARN_OBJC_ROOT_CLASS = YES_ERROR;
				CLANG_WARN_RANGE_LOOP_ANALYSIS = YES;
				CLANG_WARN_STRICT_PROTOTYPES = YES;
				CLANG_WARN_SUSPICIOUS_MOVE = YES;
				CLANG_WARN_UNGUARDED_AVAILABILITY = YES_AGGRESSIVE;
				CLANG_WARN_UNREACHABLE_CODE = YES;
				CLANG_WARN__DUPLICATE_METHOD_MATCH = YES;
				CODE_SIGN_IDENTITY = "iPhone Developer";
				COPY_PHASE_STRIP = NO;
				DEBUG_INFORMATION_FORMAT = "dwarf-with-dsym";
				ENABLE_NS_ASSERTIONS = NO;
				ENABLE_STRICT_OBJC_MSGSEND = YES;
				GCC_C_LANGUAGE_STANDARD = gnu11;
				GCC_NO_COMMON_BLOCKS = YES;
				GCC_WARN_64_TO_32_BIT_CONVERSION = YES;
				GCC_WARN_ABOUT_RETURN_TYPE = YES_ERROR;
				GCC_WARN_UNDECLARED_SELECTOR = YES;
				GCC_WARN_UNINITIALIZED_AUTOS = YES_AGGRESSIVE;
				GCC_WARN_UNUSED_FUNCTION = YES;
				GCC_WARN_UNUSED_VARIABLE = YES;
				IPHONEOS_DEPLOYMENT_TARGET = 12.4;
				MTL_ENABLE_DEBUG_INFO = NO;
				MTL_FAST_MATH = YES;
				SDKROOT = iphoneos;
				VALIDATE_PRODUCT = YES;
			};
			name = Release;
		};
		225FD0D922F28B81003B79E1 /* Debug */ = {
			isa = XCBuildConfiguration;
			baseConfigurationReference = C6DC3CB79CB6C57FBEB793CB /* Pods-YLSortManager.debug.xcconfig */;
			buildSettings = {
				ASSETCATALOG_COMPILER_APPICON_NAME = AppIcon;
				CODE_SIGN_STYLE = Manual;
				DEVELOPMENT_TEAM = "";
				INFOPLIST_FILE = YLSortManager/Info.plist;
				LD_RUNPATH_SEARCH_PATHS = (
					"$(inherited)",
					"@executable_path/Frameworks",
				);
				PRODUCT_BUNDLE_IDENTIFIER = com.idr.xyanl;
				PRODUCT_NAME = "$(TARGET_NAME)";
				PROVISIONING_PROFILE_SPECIFIER = "";
				TARGETED_DEVICE_FAMILY = "1,2";
			};
			name = Debug;
		};
		225FD0DA22F28B81003B79E1 /* Release */ = {
			isa = XCBuildConfiguration;
			baseConfigurationReference = A2203B8FEAB17958C1BCE66A /* Pods-YLSortManager.release.xcconfig */;
			buildSettings = {
				ASSETCATALOG_COMPILER_APPICON_NAME = AppIcon;
				CODE_SIGN_STYLE = Manual;
				DEVELOPMENT_TEAM = "";
				INFOPLIST_FILE = YLSortManager/Info.plist;
				LD_RUNPATH_SEARCH_PATHS = (
					"$(inherited)",
					"@executable_path/Frameworks",
				);
				PRODUCT_BUNDLE_IDENTIFIER = com.idr.xyanl;
				PRODUCT_NAME = "$(TARGET_NAME)";
				PROVISIONING_PROFILE_SPECIFIER = "";
				TARGETED_DEVICE_FAMILY = "1,2";
			};
			name = Release;
		};
/* End XCBuildConfiguration section */

/* Begin XCConfigurationList section */
		225FD0BD22F28B80003B79E1 /* Build configuration list for PBXProject "YLSortManager" */ = {
			isa = XCConfigurationList;
			buildConfigurations = (
				225FD0D622F28B81003B79E1 /* Debug */,
				225FD0D722F28B81003B79E1 /* Release */,
			);
			defaultConfigurationIsVisible = 0;
			defaultConfigurationName = Release;
		};
		225FD0D822F28B81003B79E1 /* Build configuration list for PBXNativeTarget "YLSortManager" */ = {
			isa = XCConfigurationList;
			buildConfigurations = (
				225FD0D922F28B81003B79E1 /* Debug */,
				225FD0DA22F28B81003B79E1 /* Release */,
			);
			defaultConfigurationIsVisible = 0;
			defaultConfigurationName = Release;
		};
/* End XCConfigurationList section */
	};
	rootObject = 225FD0BA22F28B80003B79E1 /* Project object */;
}
