// !$*UTF8*$!
{
	archiveVersion = 1;
	classes = {
	};
	objectVersion = 51;
	objects = {

/* Begin PBXBuildFile section */
		2276A2E822EEC33900168131 /* TwoViewController.m in Sources */ = {isa = PBXBuildFile; fileRef = 2276A2E722EEC33900168131 /* TwoViewController.m */; };
		281345BD22DC579C00C58FB4 /* AppDelegate.m in Sources */ = {isa = PBXBuildFile; fileRef = 281345BC22DC579C00C58FB4 /* AppDelegate.m */; };
		281345C022DC579C00C58FB4 /* ViewController.m in Sources */ = {isa = PBXBuildFile; fileRef = 281345BF22DC579C00C58FB4 /* ViewController.m */; };
		281345C322DC579C00C58FB4 /* Main.storyboard in Resources */ = {isa = PBXBuildFile; fileRef = 281345C122DC579C00C58FB4 /* Main.storyboard */; };
		281345C522DC579C00C58FB4 /* Assets.xcassets in Resources */ = {isa = PBXBuildFile; fileRef = 281345C422DC579C00C58FB4 /* Assets.xcassets */; };
		281345C822DC579C00C58FB4 /* LaunchScreen.storyboard in Resources */ = {isa = PBXBuildFile; fileRef = 281345C622DC579C00C58FB4 /* LaunchScreen.storyboard */; };
		281345CB22DC579C00C58FB4 /* main.m in Sources */ = {isa = PBXBuildFile; fileRef = 281345CA22DC579C00C58FB4 /* main.m */; };
		281345D422DC5AA000C58FB4 /* ArcView.m in Sources */ = {isa = PBXBuildFile; fileRef = 281345D322DC5AA000C58FB4 /* ArcView.m */; };
		45E2866D84B996E4D19FBC64 /* Pods_iOS___RAC.framework in Frameworks */ = {isa = PBXBuildFile; fileRef = A0A2636E317F5B03308A3110 /* Pods_iOS___RAC.framework */; };
/* End PBXBuildFile section */

/* Begin PBXFileReference section */
		2276A2E622EEC33900168131 /* TwoViewController.h */ = {isa = PBXFileReference; lastKnownFileType = sourcecode.c.h; path = TwoViewController.h; sourceTree = "<group>"; };
		2276A2E722EEC33900168131 /* TwoViewController.m */ = {isa = PBXFileReference; lastKnownFileType = sourcecode.c.objc; path = TwoViewController.m; sourceTree = "<group>"; };
		281345B822DC579C00C58FB4 /* iOS - RAC.app */ = {isa = PBXFileReference; explicitFileType = wrapper.application; includeInIndex = 0; path = "iOS - RAC.app"; sourceTree = BUILT_PRODUCTS_DIR; };
		281345BB22DC579C00C58FB4 /* AppDelegate.h */ = {isa = PBXFileReference; lastKnownFileType = sourcecode.c.h; path = AppDelegate.h; sourceTree = "<group>"; };
		281345BC22DC579C00C58FB4 /* AppDelegate.m */ = {isa = PBXFileReference; lastKnownFileType = sourcecode.c.objc; path = AppDelegate.m; sourceTree = "<group>"; };
		281345BE22DC579C00C58FB4 /* ViewController.h */ = {isa = PBXFileReference; lastKnownFileType = sourcecode.c.h; path = ViewController.h; sourceTree = "<group>"; };
		281345BF22DC579C00C58FB4 /* ViewController.m */ = {isa = PBXFileReference; lastKnownFileType = sourcecode.c.objc; path = ViewController.m; sourceTree = "<group>"; };
		281345C222DC579C00C58FB4 /* Base */ = {isa = PBXFileReference; lastKnownFileType = file.storyboard; name = Base; path = Base.lproj/Main.storyboard; sourceTree = "<group>"; };
		281345C422DC579C00C58FB4 /* Assets.xcassets */ = {isa = PBXFileReference; lastKnownFileType = folder.assetcatalog; path = Assets.xcassets; sourceTree = "<group>"; };
		281345C722DC579C00C58FB4 /* Base */ = {isa = PBXFileReference; lastKnownFileType = file.storyboard; name = Base; path = Base.lproj/LaunchScreen.storyboard; sourceTree = "<group>"; };
		281345C922DC579C00C58FB4 /* Info.plist */ = {isa = PBXFileReference; lastKnownFileType = text.plist.xml; path = Info.plist; sourceTree = "<group>"; };
		281345CA22DC579C00C58FB4 /* main.m */ = {isa = PBXFileReference; lastKnownFileType = sourcecode.c.objc; path = main.m; sourceTree = "<group>"; };
		281345D222DC5AA000C58FB4 /* ArcView.h */ = {isa = PBXFileReference; lastKnownFileType = sourcecode.c.h; path = ArcView.h; sourceTree = "<group>"; };
		281345D322DC5AA000C58FB4 /* ArcView.m */ = {isa = PBXFileReference; lastKnownFileType = sourcecode.c.objc; path = ArcView.m; sourceTree = "<group>"; };
		67137B8C1E5ACEC4148D83B1 /* Pods-iOS - RAC.release.xcconfig */ = {isa = PBXFileReference; includeInIndex = 1; lastKnownFileType = text.xcconfig; name = "Pods-iOS - RAC.release.xcconfig"; path = "Target Support Files/Pods-iOS - RAC/Pods-iOS - RAC.release.xcconfig"; sourceTree = "<group>"; };
		A0A2636E317F5B03308A3110 /* Pods_iOS___RAC.framework */ = {isa = PBXFileReference; explicitFileType = wrapper.framework; includeInIndex = 0; path = "Pods_iOS___RAC.framework"; sourceTree = BUILT_PRODUCTS_DIR; };
		DDD4DC82618B176E97AB40C8 /* Pods-iOS - RAC.debug.xcconfig */ = {isa = PBXFileReference; includeInIndex = 1; lastKnownFileType = text.xcconfig; name = "Pods-iOS - RAC.debug.xcconfig"; path = "Target Support Files/Pods-iOS - RAC/Pods-iOS - RAC.debug.xcconfig"; sourceTree = "<group>"; };
/* End PBXFileReference section */

/* Begin PBXFrameworksBuildPhase section */
		281345B522DC579C00C58FB4 /* Frameworks */ = {
			isa = PBXFrameworksBuildPhase;
			buildActionMask = 2147483647;
			files = (
				45E2866D84B996E4D19FBC64 /* Pods_iOS___RAC.framework in Frameworks */,
			);
			runOnlyForDeploymentPostprocessing = 0;
		};
/* End PBXFrameworksBuildPhase section */

/* Begin PBXGroup section */
		281345AF22DC579C00C58FB4 = {
			isa = PBXGroup;
			children = (
				281345BA22DC579C00C58FB4 /* iOS - RAC */,
				281345B922DC579C00C58FB4 /* Products */,
				E8019E065309E91B4E139CA7 /* Pods */,
				A7B03402B29CA2FBD7333739 /* Frameworks */,
			);
			sourceTree = "<group>";
		};
		281345B922DC579C00C58FB4 /* Products */ = {
			isa = PBXGroup;
			children = (
				281345B822DC579C00C58FB4 /* iOS - RAC.app */,
			);
			name = Products;
			sourceTree = "<group>";
		};
		281345BA22DC579C00C58FB4 /* iOS - RAC */ = {
			isa = PBXGroup;
			children = (
				281345BB22DC579C00C58FB4 /* AppDelegate.h */,
				281345BC22DC579C00C58FB4 /* AppDelegate.m */,
				281345BE22DC579C00C58FB4 /* ViewController.h */,
				281345BF22DC579C00C58FB4 /* ViewController.m */,
				2276A2E622EEC33900168131 /* TwoViewController.h */,
				2276A2E722EEC33900168131 /* TwoViewController.m */,
				281345D222DC5AA000C58FB4 /* ArcView.h */,
				281345D322DC5AA000C58FB4 /* ArcView.m */,
				281345C122DC579C00C58FB4 /* Main.storyboard */,
				281345C422DC579C00C58FB4 /* Assets.xcassets */,
				281345C622DC579C00C58FB4 /* LaunchScreen.storyboard */,
				281345C922DC579C00C58FB4 /* Info.plist */,
				281345CA22DC579C00C58FB4 /* main.m */,
			);
			path = "iOS - RAC";
			sourceTree = "<group>";
		};
		A7B03402B29CA2FBD7333739 /* Frameworks */ = {
			isa = PBXGroup;
			children = (
				A0A2636E317F5B03308A3110 /* Pods_iOS___RAC.framework */,
			);
			name = Frameworks;
			sourceTree = "<group>";
		};
		E8019E065309E91B4E139CA7 /* Pods */ = {
			isa = PBXGroup;
			children = (
				DDD4DC82618B176E97AB40C8 /* Pods-iOS - RAC.debug.xcconfig */,
				67137B8C1E5ACEC4148D83B1 /* Pods-iOS - RAC.release.xcconfig */,
			);
			path = Pods;
			sourceTree = "<group>";
		};
/* End PBXGroup section */

/* Begin PBXNativeTarget section */
		281345B722DC579C00C58FB4 /* iOS - RAC */ = {
			isa = PBXNativeTarget;
			buildConfigurationList = 281345CE22DC579C00C58FB4 /* Build configuration list for PBXNativeTarget "iOS - RAC" */;
			buildPhases = (
				90AF7746CDD3FE7FB1D5875F /* [CP] Check Pods Manifest.lock */,
				281345B422DC579C00C58FB4 /* Sources */,
				281345B522DC579C00C58FB4 /* Frameworks */,
				281345B622DC579C00C58FB4 /* Resources */,
				269621507B21AAA0DC2F9DB9 /* [CP] Embed Pods Frameworks */,
			);
			buildRules = (
			);
			dependencies = (
			);
			name = "iOS - RAC";
			productName = "iOS - RAC";
			productReference = 281345B822DC579C00C58FB4 /* iOS - RAC.app */;
			productType = "com.apple.product-type.application";
		};
/* End PBXNativeTarget section */

/* Begin PBXProject section */
		281345B022DC579C00C58FB4 /* Project object */ = {
			isa = PBXProject;
			attributes = {
				LastUpgradeCheck = 1020;
				ORGANIZATIONNAME = "徐彦龙";
				TargetAttributes = {
					281345B722DC579C00C58FB4 = {
						CreatedOnToolsVersion = 10.2.1;
					};
				};
			};
			buildConfigurationList = 281345B322DC579C00C58FB4 /* Build configuration list for PBXProject "iOS - RAC" */;
			compatibilityVersion = "Xcode 9.3";
			developmentRegion = en;
			hasScannedForEncodings = 0;
			knownRegions = (
				en,
				Base,
			);
			mainGroup = 281345AF22DC579C00C58FB4;
			productRefGroup = 281345B922DC579C00C58FB4 /* Products */;
			projectDirPath = "";
			projectRoot = "";
			targets = (
				281345B722DC579C00C58FB4 /* iOS - RAC */,
			);
		};
/* End PBXProject section */

/* Begin PBXResourcesBuildPhase section */
		281345B622DC579C00C58FB4 /* Resources */ = {
			isa = PBXResourcesBuildPhase;
			buildActionMask = 2147483647;
			files = (
				281345C822DC579C00C58FB4 /* LaunchScreen.storyboard in Resources */,
				281345C522DC579C00C58FB4 /* Assets.xcassets in Resources */,
				281345C322DC579C00C58FB4 /* Main.storyboard in Resources */,
			);
			runOnlyForDeploymentPostprocessing = 0;
		};
/* End PBXResourcesBuildPhase section */

/* Begin PBXShellScriptBuildPhase section */
		269621507B21AAA0DC2F9DB9 /* [CP] Embed Pods Frameworks */ = {
			isa = PBXShellScriptBuildPhase;
			buildActionMask = 2147483647;
			files = (
			);
			inputFileListPaths = (
				"${PODS_ROOT}/Target Support Files/Pods-iOS - RAC/Pods-iOS - RAC-frameworks-${CONFIGURATION}-input-files.xcfilelist",
			);
			name = "[CP] Embed Pods Frameworks";
			outputFileListPaths = (
				"${PODS_ROOT}/Target Support Files/Pods-iOS - RAC/Pods-iOS - RAC-frameworks-${CONFIGURATION}-output-files.xcfilelist",
			);
			runOnlyForDeploymentPostprocessing = 0;
			shellPath = /bin/sh;
			shellScript = "\"${PODS_ROOT}/Target Support Files/Pods-iOS - RAC/Pods-iOS - RAC-frameworks.sh\"\n";
			showEnvVarsInLog = 0;
		};
		90AF7746CDD3FE7FB1D5875F /* [CP] Check Pods Manifest.lock */ = {
			isa = PBXShellScriptBuildPhase;
			buildActionMask = 2147483647;
			files = (
			);
			inputFileListPaths = (
			);
			inputPaths = (
				"${PODS_PODFILE_DIR_PATH}/Podfile.lock",
				"${PODS_ROOT}/Manifest.lock",
			);
			name = "[CP] Check Pods Manifest.lock";
			outputFileListPaths = (
			);
			outputPaths = (
				"$(DERIVED_FILE_DIR)/Pods-iOS - RAC-checkManifestLockResult.txt",
			);
			runOnlyForDeploymentPostprocessing = 0;
			shellPath = /bin/sh;
			shellScript = "diff \"${PODS_PODFILE_DIR_PATH}/Podfile.lock\" \"${PODS_ROOT}/Manifest.lock\" > /dev/null\nif [ $? != 0 ] ; then\n    # print error to STDERR\n    echo \"error: The sandbox is not in sync with the Podfile.lock. Run 'pod install' or update your CocoaPods installation.\" >&2\n    exit 1\nfi\n# This output is used by Xcode 'outputs' to avoid re-running this script phase.\necho \"SUCCESS\" > \"${SCRIPT_OUTPUT_FILE_0}\"\n";
			showEnvVarsInLog = 0;
		};
/* End PBXShellScriptBuildPhase section */

/* Begin PBXSourcesBuildPhase section */
		281345B422DC579C00C58FB4 /* Sources */ = {
			isa = PBXSourcesBuildPhase;
			buildActionMask = 2147483647;
			files = (
				281345C022DC579C00C58FB4 /* ViewController.m in Sources */,
				281345D422DC5AA000C58FB4 /* ArcView.m in Sources */,
				281345CB22DC579C00C58FB4 /* main.m in Sources */,
				2276A2E822EEC33900168131 /* TwoViewController.m in Sources */,
				281345BD22DC579C00C58FB4 /* AppDelegate.m in Sources */,
			);
			runOnlyForDeploymentPostprocessing = 0;
		};
/* End PBXSourcesBuildPhase section */

/* Begin PBXVariantGroup section */
		281345C122DC579C00C58FB4 /* Main.storyboard */ = {
			isa = PBXVariantGroup;
			children = (
				281345C222DC579C00C58FB4 /* Base */,
			);
			name = Main.storyboard;
			sourceTree = "<group>";
		};
		281345C622DC579C00C58FB4 /* LaunchScreen.storyboard */ = {
			isa = PBXVariantGroup;
			children = (
				281345C722DC579C00C58FB4 /* Base */,
			);
			name = LaunchScreen.storyboard;
			sourceTree = "<group>";
		};
/* End PBXVariantGroup section */

/* Begin XCBuildConfiguration section */
		281345CC22DC579C00C58FB4 /* Debug */ = {
			isa = XCBuildConfiguration;
			buildSettings = {
				ALWAYS_SEARCH_USER_PATHS = NO;
				CLANG_ANALYZER_NONNULL = YES;
				CLANG_ANALYZER_NUMBER_OBJECT_CONVERSION = YES_AGGRESSIVE;
				CLANG_CXX_LANGUAGE_STANDARD = "gnu++14";
				CLANG_CXX_LIBRARY = "libc++";
				CLANG_ENABLE_MODULES = YES;
				CLANG_ENABLE_OBJC_ARC = YES;
				CLANG_ENABLE_OBJC_WEAK = YES;
				CLANG_WARN_BLOCK_CAPTURE_AUTORELEASING = YES;
				CLANG_WARN_BOOL_CONVERSION = YES;
				CLANG_WARN_COMMA = YES;
				CLANG_WARN_CONSTANT_CONVERSION = YES;
				CLANG_WARN_DEPRECATED_OBJC_IMPLEMENTATIONS = YES;
				CLANG_WARN_DIRECT_OBJC_ISA_USAGE = YES_ERROR;
				CLANG_WARN_DOCUMENTATION_COMMENTS = YES;
				CLANG_WARN_EMPTY_BODY = YES;
				CLANG_WARN_ENUM_CONVERSION = YES;
				CLANG_WARN_INFINITE_RECURSION = YES;
				CLANG_WARN_INT_CONVERSION = YES;
				CLANG_WARN_NON_LITERAL_NULL_CONVERSION = YES;
				CLANG_WARN_OBJC_IMPLICIT_RETAIN_SELF = YES;
				CLANG_WARN_OBJC_LITERAL_CONVERSION = YES;
				CLANG_WARN_OBJC_ROOT_CLASS = YES_ERROR;
				CLANG_WARN_RANGE_LOOP_ANALYSIS = YES;
				CLANG_WARN_STRICT_PROTOTYPES = YES;
				CLANG_WARN_SUSPICIOUS_MOVE = YES;
				CLANG_WARN_UNGUARDED_AVAILABILITY = YES_AGGRESSIVE;
				CLANG_WARN_UNREACHABLE_CODE = YES;
				CLANG_WARN__DUPLICATE_METHOD_MATCH = YES;
				CODE_SIGN_IDENTITY = "iPhone Developer";
				COPY_PHASE_STRIP = NO;
				DEBUG_INFORMATION_FORMAT = dwarf;
				ENABLE_STRICT_OBJC_MSGSEND = YES;
				ENABLE_TESTABILITY = YES;
				GCC_C_LANGUAGE_STANDARD = gnu11;
				GCC_DYNAMIC_NO_PIC = NO;
				GCC_NO_COMMON_BLOCKS = YES;
				GCC_OPTIMIZATION_LEVEL = 0;
				GCC_PREPROCESSOR_DEFINITIONS = (
					"DEBUG=1",
					"$(inherited)",
				);
				GCC_WARN_64_TO_32_BIT_CONVERSION = YES;
				GCC_WARN_ABOUT_RETURN_TYPE = YES_ERROR;
				GCC_WARN_UNDECLARED_SELECTOR = YES;
				GCC_WARN_UNINITIALIZED_AUTOS = YES_AGGRESSIVE;
				GCC_WARN_UNUSED_FUNCTION = YES;
				GCC_WARN_UNUSED_VARIABLE = YES;
				IPHONEOS_DEPLOYMENT_TARGET = 12.2;
				MTL_ENABLE_DEBUG_INFO = INCLUDE_SOURCE;
				MTL_FAST_MATH = YES;
				ONLY_ACTIVE_ARCH = YES;
				SDKROOT = iphoneos;
			};
			name = Debug;
		};
		281345CD22DC579C00C58FB4 /* Release */ = {
			isa = XCBuildConfiguration;
			buildSettings = {
				ALWAYS_SEARCH_USER_PATHS = NO;
				CLANG_ANALYZER_NONNULL = YES;
				CLANG_ANALYZER_NUMBER_OBJECT_CONVERSION = YES_AGGRESSIVE;
				CLANG_CXX_LANGUAGE_STANDARD = "gnu++14";
				CLANG_CXX_LIBRARY = "libc++";
				CLANG_ENABLE_MODULES = YES;
				CLANG_ENABLE_OBJC_ARC = YES;
				CLANG_ENABLE_OBJC_WEAK = YES;
				CLANG_WARN_BLOCK_CAPTURE_AUTORELEASING = YES;
				CLANG_WARN_BOOL_CONVERSION = YES;
				CLANG_WARN_COMMA = YES;
				CLANG_WARN_CONSTANT_CONVERSION = YES;
				CLANG_WARN_DEPRECATED_OBJC_IMPLEMENTATIONS = YES;
				CLANG_WARN_DIRECT_OBJC_ISA_USAGE = YES_ERROR;
				CLANG_WARN_DOCUMENTATION_COMMENTS = YES;
				CLANG_WARN_EMPTY_BODY = YES;
				CLANG_WARN_ENUM_CONVERSION = YES;
				CLANG_WARN_INFINITE_RECURSION = YES;
				CLANG_WARN_INT_CONVERSION = YES;
				CLANG_WARN_NON_LITERAL_NULL_CONVERSION = YES;
				CLANG_WARN_OBJC_IMPLICIT_RETAIN_SELF = YES;
				CLANG_WARN_OBJC_LITERAL_CONVERSION = YES;
				CLANG_WARN_OBJC_ROOT_CLASS = YES_ERROR;
				CLANG_WARN_RANGE_LOOP_ANALYSIS = YES;
				CLANG_WARN_STRICT_PROTOTYPES = YES;
				CLANG_WARN_SUSPICIOUS_MOVE = YES;
				CLANG_WARN_UNGUARDED_AVAILABILITY = YES_AGGRESSIVE;
				CLANG_WARN_UNREACHABLE_CODE = YES;
				CLANG_WARN__DUPLICATE_METHOD_MATCH = YES;
				CODE_SIGN_IDENTITY = "iPhone Developer";
				COPY_PHASE_STRIP = NO;
				DEBUG_INFORMATION_FORMAT = "dwarf-with-dsym";
				ENABLE_NS_ASSERTIONS = NO;
				ENABLE_STRICT_OBJC_MSGSEND = YES;
				GCC_C_LANGUAGE_STANDARD = gnu11;
				GCC_NO_COMMON_BLOCKS = YES;
				GCC_WARN_64_TO_32_BIT_CONVERSION = YES;
				GCC_WARN_ABOUT_RETURN_TYPE = YES_ERROR;
				GCC_WARN_UNDECLARED_SELECTOR = YES;
				GCC_WARN_UNINITIALIZED_AUTOS = YES_AGGRESSIVE;
				GCC_WARN_UNUSED_FUNCTION = YES;
				GCC_WARN_UNUSED_VARIABLE = YES;
				IPHONEOS_DEPLOYMENT_TARGET = 12.2;
				MTL_ENABLE_DEBUG_INFO = NO;
				MTL_FAST_MATH = YES;
				SDKROOT = iphoneos;
				VALIDATE_PRODUCT = YES;
			};
			name = Release;
		};
		281345CF22DC579C00C58FB4 /* Debug */ = {
			isa = XCBuildConfiguration;
			baseConfigurationReference = DDD4DC82618B176E97AB40C8 /* Pods-iOS - RAC.debug.xcconfig */;
			buildSettings = {
				ASSETCATALOG_COMPILER_APPICON_NAME = AppIcon;
				CODE_SIGN_STYLE = Automatic;
				DEVELOPMENT_TEAM = 45VTD9HTW8;
				INFOPLIST_FILE = "iOS - RAC/Info.plist";
				LD_RUNPATH_SEARCH_PATHS = (
					"$(inherited)",
					"@executable_path/Frameworks",
				);
				PRODUCT_BUNDLE_IDENTIFIER = "com.xyanl.iOS---RAC";
				PRODUCT_NAME = "$(TARGET_NAME)";
				TARGETED_DEVICE_FAMILY = "1,2";
			};
			name = Debug;
		};
		281345D022DC579C00C58FB4 /* Release */ = {
			isa = XCBuildConfiguration;
			baseConfigurationReference = 67137B8C1E5ACEC4148D83B1 /* Pods-iOS - RAC.release.xcconfig */;
			buildSettings = {
				ASSETCATALOG_COMPILER_APPICON_NAME = AppIcon;
				CODE_SIGN_STYLE = Automatic;
				DEVELOPMENT_TEAM = 45VTD9HTW8;
				INFOPLIST_FILE = "iOS - RAC/Info.plist";
				LD_RUNPATH_SEARCH_PATHS = (
					"$(inherited)",
					"@executable_path/Frameworks",
				);
				PRODUCT_BUNDLE_IDENTIFIER = "com.xyanl.iOS---RAC";
				PRODUCT_NAME = "$(TARGET_NAME)";
				TARGETED_DEVICE_FAMILY = "1,2";
			};
			name = Release;
		};
/* End XCBuildConfiguration section */

/* Begin XCConfigurationList section */
		281345B322DC579C00C58FB4 /* Build configuration list for PBXProject "iOS - RAC" */ = {
			isa = XCConfigurationList;
			buildConfigurations = (
				281345CC22DC579C00C58FB4 /* Debug */,
				281345CD22DC579C00C58FB4 /* Release */,
			);
			defaultConfigurationIsVisible = 0;
			defaultConfigurationName = Release;
		};
		281345CE22DC579C00C58FB4 /* Build configuration list for PBXNativeTarget "iOS - RAC" */ = {
			isa = XCConfigurationList;
			buildConfigurations = (
				281345CF22DC579C00C58FB4 /* Debug */,
				281345D022DC579C00C58FB4 /* Release */,
			);
			defaultConfigurationIsVisible = 0;
			defaultConfigurationName = Release;
		};
/* End XCConfigurationList section */
	};
	rootObject = 281345B022DC579C00C58FB4 /* Project object */;
}
